# This file is automatically @generated by Cargo.
# It is not intended for manual editing.
version = 4

[[package]]
name = "workflow-adk"
version = "0.1.0"

[[package]]
name = "workflow-compiler"
version = "0.1.0"

[[package]]
name = "workflow-ir"
version = "0.1.0"

[[package]]
name = "workflow-runtime"
version = "0.1.0"

[[package]]
name = "workflow-spec"
version = "0.1.0"

[[package]]
name = "workflowctl"
version = "0.1.0"
